{
  "lockfileVersion": 1,
  "configVersion": 1,
  "workspaces": {
    "": {
      "dependencies": {
        "graphql": "^16.13.0",
        "graphql-yoga": "^5.18.0",
      },
      "devDependencies": {
        "@types/bun": "^1.3.9",
        "oxfmt": "^0.35.0",
        "oxlint": "^1.50.0",
      },
      "peerDependencies": {
        "typescript": "^5",
      },
    },
  },
  "packages": {
    "@envelop/core": ["@envelop/core@5.5.1", "", { "dependencies": { "@envelop/instrumentation": "^1.0.0", "@envelop/types": "^5.2.1", "@whatwg-node/promise-helpers": "^1.2.4", "tslib": "^2.5.0" } }, "sha512-3DQg8sFskDo386TkL5j12jyRAdip/8yzK3x7YGbZBgobZ4aKXrvDU0GppU0SnmrpQnNaiTUsxBs9LKkwQ/eyvw=="],

    "@envelop/instrumentation": ["@envelop/instrumentation@1.0.0", "", { "dependencies": { "@whatwg-node/promise-helpers": "^1.2.1", "tslib": "^2.5.0" } }, "sha512-cxgkB66RQB95H3X27jlnxCRNTmPuSTgmBAq6/4n2Dtv4hsk4yz8FadA1ggmd0uZzvKqWD6CR+WFgTjhDqg7eyw=="],

    "@envelop/types": ["@envelop/types@5.2.1", "", { "dependencies": { "@whatwg-node/promise-helpers": "^1.0.0", "tslib": "^2.5.0" } }, "sha512-CsFmA3u3c2QoLDTfEpGr4t25fjMU31nyvse7IzWTvb0ZycuPjMjb0fjlheh+PbhBYb9YLugnT2uY6Mwcg1o+Zg=="],

    "@fastify/busboy": ["@fastify/busboy@3.2.0", "", {}, "sha512-m9FVDXU3GT2ITSe0UaMA5rU3QkfC/UXtCU8y0gSN/GugTqtVldOBWIB5V6V3sbmenVZUIpU6f+mPEO2+m5iTaA=="],

    "@graphql-tools/executor": ["@graphql-tools/executor@1.5.1", "", { "dependencies": { "@graphql-tools/utils": "^11.0.0", "@graphql-typed-document-node/core": "^3.2.0", "@repeaterjs/repeater": "^3.0.4", "@whatwg-node/disposablestack": "^0.0.6", "@whatwg-node/promise-helpers": "^1.0.0", "tslib": "^2.4.0" }, "peerDependencies": { "graphql": "^14.0.0 || ^15.0.0 || ^16.0.0 || ^17.0.0" } }, "sha512-n94Qcu875Mji9GQ52n5UbgOTxlgvFJicBPYD+FRks9HKIQpdNPjkkrKZUYNG51XKa+bf03rxNflm4+wXhoHHrA=="],

    "@graphql-tools/merge": ["@graphql-tools/merge@9.1.7", "", { "dependencies": { "@graphql-tools/utils": "^11.0.0", "tslib": "^2.4.0" }, "peerDependencies": { "graphql": "^14.0.0 || ^15.0.0 || ^16.0.0 || ^17.0.0" } }, "sha512-Y5E1vTbTabvcXbkakdFUt4zUIzB1fyaEnVmIWN0l0GMed2gdD01TpZWLUm4RNAxpturvolrb24oGLQrBbPLSoQ=="],

    "@graphql-tools/schema": ["@graphql-tools/schema@10.0.31", "", { "dependencies": { "@graphql-tools/merge": "^9.1.7", "@graphql-tools/utils": "^11.0.0", "tslib": "^2.4.0" }, "peerDependencies": { "graphql": "^14.0.0 || ^15.0.0 || ^16.0.0 || ^17.0.0" } }, "sha512-ZewRgWhXef6weZ0WiP7/MV47HXiuFbFpiDUVLQl6mgXsWSsGELKFxQsyUCBos60Qqy1JEFAIu3Ns6GGYjGkqkQ=="],

    "@graphql-tools/utils": ["@graphql-tools/utils@10.11.0", "", { "dependencies": { "@graphql-typed-document-node/core": "^3.1.1", "@whatwg-node/promise-helpers": "^1.0.0", "cross-inspect": "1.0.1", "tslib": "^2.4.0" }, "peerDependencies": { "graphql": "^14.0.0 || ^15.0.0 || ^16.0.0 || ^17.0.0" } }, "sha512-iBFR9GXIs0gCD+yc3hoNswViL1O5josI33dUqiNStFI/MHLCEPduasceAcazRH77YONKNiviHBV8f7OgcT4o2Q=="],

    "@graphql-typed-document-node/core": ["@graphql-typed-document-node/core@3.2.0", "", { "peerDependencies": { "graphql": "^0.8.0 || ^0.9.0 || ^0.10.0 || ^0.11.0 || ^0.12.0 || ^0.13.0 || ^14.0.0 || ^15.0.0 || ^16.0.0 || ^17.0.0" } }, "sha512-mB9oAsNCm9aM3/SOv4YtBMqZbYj10R7dkq8byBqxGY/ncFwhf2oQzMV+LCRlWoDSEBJ3COiR1yeDvMtsoOsuFQ=="],

    "@graphql-yoga/logger": ["@graphql-yoga/logger@2.0.1", "", { "dependencies": { "tslib": "^2.8.1" } }, "sha512-Nv0BoDGLMg9QBKy9cIswQ3/6aKaKjlTh87x3GiBg2Z4RrjyrM48DvOOK0pJh1C1At+b0mUIM67cwZcFTDLN4sA=="],

    "@graphql-yoga/subscription": ["@graphql-yoga/subscription@5.0.5", "", { "dependencies": { "@graphql-yoga/typed-event-target": "^3.0.2", "@repeaterjs/repeater": "^3.0.4", "@whatwg-node/events": "^0.1.0", "tslib": "^2.8.1" } }, "sha512-oCMWOqFs6QV96/NZRt/ZhTQvzjkGB4YohBOpKM4jH/lDT4qb7Lex/aGCxpi/JD9njw3zBBtMqxbaC22+tFHVvw=="],

    "@graphql-yoga/typed-event-target": ["@graphql-yoga/typed-event-target@3.0.2", "", { "dependencies": { "@repeaterjs/repeater": "^3.0.4", "tslib": "^2.8.1" } }, "sha512-ZpJxMqB+Qfe3rp6uszCQoag4nSw42icURnBRfFYSOmTgEeOe4rD0vYlbA8spvCu2TlCesNTlEN9BLWtQqLxabA=="],

    "@oxfmt/binding-android-arm-eabi": ["@oxfmt/binding-android-arm-eabi@0.35.0", "", { "os": "android", "cpu": "arm" }, "sha512-BaRKlM3DyG81y/xWTsE6gZiv89F/3pHe2BqX2H4JbiB8HNVlWWtplzgATAE5IDSdwChdeuWLDTQzJ92Lglw3ZA=="],

    "@oxfmt/binding-android-arm64": ["@oxfmt/binding-android-arm64@0.35.0", "", { "os": "android", "cpu": "arm64" }, "sha512-/O+EbuAJYs6nde/anv+aID6uHsGQApyE9JtYBo/79KyU8e6RBN3DMbT0ix97y1SOnCglurmL2iZ+hlohjP2PnQ=="],

    "@oxfmt/binding-darwin-arm64": ["@oxfmt/binding-darwin-arm64@0.35.0", "", { "os": "darwin", "cpu": "arm64" }, "sha512-pGqRtqlNdn9d4VrmGUWVyQjkw79ryhI6je9y2jfqNUIZCfqceob+R97YYAoG7C5TFyt8ILdLVoN+L2vw/hSFyA=="],

    "@oxfmt/binding-darwin-x64": ["@oxfmt/binding-darwin-x64@0.35.0", "", { "os": "darwin", "cpu": "x64" }, "sha512-8GmsDcSozTPjrCJeGpp+sCmS9+9V5yRrdEZ1p/sTWxPG5nYeAfSLuS0nuEYjXSO+CtdSbStIW6dxa+4NM58yRw=="],

    "@oxfmt/binding-freebsd-x64": ["@oxfmt/binding-freebsd-x64@0.35.0", "", { "os": "freebsd", "cpu": "x64" }, "sha512-QyfKfTe0ytHpFKHAcHCGQEzN45QSqq1AHJOYYxQMgLM3KY4xu8OsXHpCnINjDsV4XGnQzczJDU9e04Zmd8XqIQ=="],

    "@oxfmt/binding-linux-arm-gnueabihf": ["@oxfmt/binding-linux-arm-gnueabihf@0.35.0", "", { "os": "linux", "cpu": "arm" }, "sha512-u+kv3JD6P3J38oOyUaiCqgY5TNESzBRZJ5lyZQ6c2czUW2v5SIN9E/KWWa9vxoc+P8AFXQFUVrdzGy1tK+nbPQ=="],

    "@oxfmt/binding-linux-arm-musleabihf": ["@oxfmt/binding-linux-arm-musleabihf@0.35.0", "", { "os": "linux", "cpu": "arm" }, "sha512-1NiZroCiV57I7Pf8kOH4XGR366kW5zir3VfSMBU2D0V14GpYjiYmPYFAoJboZvp8ACnZKUReWyMkNKSa5ad58A=="],

    "@oxfmt/binding-linux-arm64-gnu": ["@oxfmt/binding-linux-arm64-gnu@0.35.0", "", { "os": "linux", "cpu": "arm64" }, "sha512-7Q0Xeg7ZnW2nxnZ4R7aF6DEbCFls4skgHZg+I63XitpNvJCbVIU8MFOTZlvZGRsY9+rPgWPQGeUpLHlyx0wvMA=="],

    "@oxfmt/binding-linux-arm64-musl": ["@oxfmt/binding-linux-arm64-musl@0.35.0", "", { "os": "linux", "cpu": "arm64" }, "sha512-5Okqi+uhYFxwKz8hcnUftNNwdm8BCkf6GSCbcz9xJxYMm87k1E4p7PEmAAbhLTk7cjSdDre6TDL0pDzNX+Y22Q=="],

    "@oxfmt/binding-linux-ppc64-gnu": ["@oxfmt/binding-linux-ppc64-gnu@0.35.0", "", { "os": "linux", "cpu": "ppc64" }, "sha512-9k66pbZQXM/lBJWys3Xbc5yhl4JexyfqkEf/tvtq8976VIJnLAAL3M127xHA3ifYSqxdVHfVGTg84eiBHCGcNw=="],

    "@oxfmt/binding-linux-riscv64-gnu": ["@oxfmt/binding-linux-riscv64-gnu@0.35.0", "", { "os": "linux", "cpu": "none" }, "sha512-aUcY9ofKPtjO52idT6t0SAQvEF6ctjzUQa1lLp7GDsRpSBvuTrBQGeq0rYKz3gN8dMIQ7mtMdGD9tT4LhR8jAQ=="],

    "@oxfmt/binding-linux-riscv64-musl": ["@oxfmt/binding-linux-riscv64-musl@0.35.0", "", { "os": "linux", "cpu": "none" }, "sha512-C6yhY5Hvc2sGM+mCPek9ZLe5xRUOC/BvhAt2qIWFAeXMn4il04EYIjl3DsWiJr0xDMTJhvMOmD55xTRPlNp39w=="],

    "@oxfmt/binding-linux-s390x-gnu": ["@oxfmt/binding-linux-s390x-gnu@0.35.0", "", { "os": "linux", "cpu": "s390x" }, "sha512-RG2hlvOMK4OMZpO3mt8MpxLQ0AAezlFqhn5mI/g5YrVbPFyoCv9a34AAvbSJS501ocOxlFIRcKEuw5hFvddf9g=="],

    "@oxfmt/binding-linux-x64-gnu": ["@oxfmt/binding-linux-x64-gnu@0.35.0", "", { "os": "linux", "cpu": "x64" }, "sha512-wzmh90Pwvqj9xOKHJjkQYBpydRkaXG77ZvDz+iFDRRQpnqIEqGm5gmim2s6vnZIkDGsvKCuTdtxm0GFmBjM1+w=="],

    "@oxfmt/binding-linux-x64-musl": ["@oxfmt/binding-linux-x64-musl@0.35.0", "", { "os": "linux", "cpu": "x64" }, "sha512-+HCqYCJPCUy5I+b2cf+gUVaApfgtoQT3HdnSg/l7NIcLHOhKstlYaGyrFZLmUpQt4WkFbpGKZZayG6zjRU0KFA=="],

    "@oxfmt/binding-openharmony-arm64": ["@oxfmt/binding-openharmony-arm64@0.35.0", "", { "os": "none", "cpu": "arm64" }, "sha512-kFYmWfR9YL78XyO5ws+1dsxNvZoD973qfVMNFOS4e9bcHXGF7DvGC2tY5UDFwyMCeB33t3sDIuGONKggnVNSJA=="],

    "@oxfmt/binding-win32-arm64-msvc": ["@oxfmt/binding-win32-arm64-msvc@0.35.0", "", { "os": "win32", "cpu": "arm64" }, "sha512-uD/NGdM65eKNCDGyTGdO8e9n3IHX+wwuorBvEYrPJXhDXL9qz6gzddmXH8EN04ejUXUujlq4FsoSeCfbg0Y+Jg=="],

    "@oxfmt/binding-win32-ia32-msvc": ["@oxfmt/binding-win32-ia32-msvc@0.35.0", "", { "os": "win32", "cpu": "ia32" }, "sha512-oSRD2k8J2uxYDEKR2nAE/YTY9PobOEnhZgCmspHu0+yBQ665yH8lFErQVSTE7fcGJmJp/cC6322/gc8VFuQf7g=="],

    "@oxfmt/binding-win32-x64-msvc": ["@oxfmt/binding-win32-x64-msvc@0.35.0", "", { "os": "win32", "cpu": "x64" }, "sha512-WCDJjlS95NboR0ugI2BEwzt1tYvRDorDRM9Lvctls1SLyKYuNRCyrPwp1urUPFBnwgBNn9p2/gnmo7gFMySRoQ=="],

    "@oxlint/binding-android-arm-eabi": ["@oxlint/binding-android-arm-eabi@1.50.0", "", { "os": "android", "cpu": "arm" }, "sha512-G7MRGk/6NCe+L8ntonRdZP7IkBfEpiZ/he3buLK6JkLgMHgJShXZ+BeOwADmspXez7U7F7L1Anf4xLSkLHiGTg=="],

    "@oxlint/binding-android-arm64": ["@oxlint/binding-android-arm64@1.50.0", "", { "os": "android", "cpu": "arm64" }, "sha512-GeSuMoJWCVpovJi/e3xDSNgjeR8WEZ6MCXL6EtPiCIM2NTzv7LbflARINTXTJy2oFBYyvdf/l2PwHzYo6EdXvg=="],

    "@oxlint/binding-darwin-arm64": ["@oxlint/binding-darwin-arm64@1.50.0", "", { "os": "darwin", "cpu": "arm64" }, "sha512-w3SY5YtxGnxCHPJ8Twl3KmS9oja1gERYk3AMoZ7Hv8P43ZtB6HVfs02TxvarxfL214Tm3uzvc2vn+DhtUNeKnw=="],

    "@oxlint/binding-darwin-x64": ["@oxlint/binding-darwin-x64@1.50.0", "", { "os": "darwin", "cpu": "x64" }, "sha512-hNfogDqy7tvmllXKBSlHo6k5x7dhTUVOHbMSE15CCAcXzmqf5883aPvBYPOq9AE7DpDUQUZ1kVE22YbiGW+tuw=="],

    "@oxlint/binding-freebsd-x64": ["@oxlint/binding-freebsd-x64@1.50.0", "", { "os": "freebsd", "cpu": "x64" }, "sha512-ykZevOWEyu0nsxolA911ucxpEv0ahw8jfEeGWOwwb/VPoE4xoexuTOAiPNlWZNJqANlJl7yp8OyzCtXTUAxotw=="],

    "@oxlint/binding-linux-arm-gnueabihf": ["@oxlint/binding-linux-arm-gnueabihf@1.50.0", "", { "os": "linux", "cpu": "arm" }, "sha512-hif3iDk7vo5GGJ4OLCCZAf2vjnU9FztGw4L0MbQL0M2iY9LKFtDMMiQAHmkF0PQGQMVbTYtPdXCLKVgdkiqWXQ=="],

    "@oxlint/binding-linux-arm-musleabihf": ["@oxlint/binding-linux-arm-musleabihf@1.50.0", "", { "os": "linux", "cpu": "arm" }, "sha512-dVp9iSssiGAnTNey2Ruf6xUaQhdnvcFOJyRWd/mu5o2jVbFK15E5fbWGeFRfmuobu5QXuROtFga44+7DOS3PLg=="],

    "@oxlint/binding-linux-arm64-gnu": ["@oxlint/binding-linux-arm64-gnu@1.50.0", "", { "os": "linux", "cpu": "arm64" }, "sha512-1cT7yz2HA910CKA9NkH1ZJo50vTtmND2fkoW1oyiSb0j6WvNtJ0Wx2zoySfXWc/c+7HFoqRK5AbEoL41LOn9oA=="],

    "@oxlint/binding-linux-arm64-musl": ["@oxlint/binding-linux-arm64-musl@1.50.0", "", { "os": "linux", "cpu": "arm64" }, "sha512-++B3k/HEPFVlj89cOz8kWfQccMZB/aWL9AhsW7jPIkG++63Mpwb2cE9XOEsd0PATbIan78k2Gky+09uWM1d/gQ=="],

    "@oxlint/binding-linux-ppc64-gnu": ["@oxlint/binding-linux-ppc64-gnu@1.50.0", "", { "os": "linux", "cpu": "ppc64" }, "sha512-Z9b/KpFMkx66w3gVBqjIC1AJBTZAGoI9+U+K5L4QM0CB/G0JSNC1es9b3Y0Vcrlvtdn8A+IQTkYjd/Q0uCSaZw=="],

    "@oxlint/binding-linux-riscv64-gnu": ["@oxlint/binding-linux-riscv64-gnu@1.50.0", "", { "os": "linux", "cpu": "none" }, "sha512-jvmuIw8wRSohsQlFNIST5uUwkEtEJmOQYr33bf/K2FrFPXHhM4KqGekI3ShYJemFS/gARVacQFgBzzJKCAyJjg=="],

    "@oxlint/binding-linux-riscv64-musl": ["@oxlint/binding-linux-riscv64-musl@1.50.0", "", { "os": "linux", "cpu": "none" }, "sha512-x+UrN47oYNh90nmAAyql8eQaaRpHbDPu5guasDg10+OpszUQ3/1+1J6zFMmV4xfIEgTcUXG/oI5fxJhF4eWCNA=="],

    "@oxlint/binding-linux-s390x-gnu": ["@oxlint/binding-linux-s390x-gnu@1.50.0", "", { "os": "linux", "cpu": "s390x" }, "sha512-i/JLi2ljLUIVfekMj4ISmdt+Hn11wzYUdRRrkVUYsCWw7zAy5xV7X9iA+KMyM156LTFympa7s3oKBjuCLoTAUQ=="],

    "@oxlint/binding-linux-x64-gnu": ["@oxlint/binding-linux-x64-gnu@1.50.0", "", { "os": "linux", "cpu": "x64" }, "sha512-/C7brhn6c6UUPccgSPCcpLQXcp+xKIW/3sji/5VZ8/OItL3tQ2U7KalHz887UxxSQeEOmd1kY6lrpuwFnmNqOA=="],

    "@oxlint/binding-linux-x64-musl": ["@oxlint/binding-linux-x64-musl@1.50.0", "", { "os": "linux", "cpu": "x64" }, "sha512-oDR1f+bGOYU8LfgtEW8XtotWGB63ghtcxk5Jm6IDTCk++rTA/IRMsjOid2iMd+1bW+nP9Mdsmcdc7VbPD3+iyQ=="],

    "@oxlint/binding-openharmony-arm64": ["@oxlint/binding-openharmony-arm64@1.50.0", "", { "os": "none", "cpu": "arm64" }, "sha512-4CmRGPp5UpvXyu4jjP9Tey/SrXDQLRvZXm4pb4vdZBxAzbFZkCyh0KyRy4txld/kZKTJlW4TO8N1JKrNEk+mWw=="],

    "@oxlint/binding-win32-arm64-msvc": ["@oxlint/binding-win32-arm64-msvc@1.50.0", "", { "os": "win32", "cpu": "arm64" }, "sha512-Fq0M6vsGcFsSfeuWAACDhd5KJrO85ckbEfe1EGuBj+KPyJz7KeWte2fSFrFGmNKNXyhEMyx4tbgxiWRujBM2KQ=="],

    "@oxlint/binding-win32-ia32-msvc": ["@oxlint/binding-win32-ia32-msvc@1.50.0", "", { "os": "win32", "cpu": "ia32" }, "sha512-qTdWR9KwY/vxJGhHVIZG2eBOhidOQvOwzDxnX+jhW/zIVacal1nAhR8GLkiywW8BIFDkQKXo/zOfT+/DY+ns/w=="],

    "@oxlint/binding-win32-x64-msvc": ["@oxlint/binding-win32-x64-msvc@1.50.0", "", { "os": "win32", "cpu": "x64" }, "sha512-682t7npLC4G2Ca+iNlI9fhAKTcFPYYXJjwoa88H4q+u5HHHlsnL/gHULapX3iqp+A8FIJbgdylL5KMYo2LaluQ=="],

    "@repeaterjs/repeater": ["@repeaterjs/repeater@3.0.6", "", {}, "sha512-Javneu5lsuhwNCryN+pXH93VPQ8g0dBX7wItHFgYiwQmzE1sVdg5tWHiOgHywzL2W21XQopa7IwIEnNbmeUJYA=="],

    "@types/bun": ["@types/bun@1.3.9", "", { "dependencies": { "bun-types": "1.3.9" } }, "sha512-KQ571yULOdWJiMH+RIWIOZ7B2RXQGpL1YQrBtLIV3FqDcCu6FsbFUBwhdKUlCKUpS3PJDsHlJ1QKlpxoVR+xtw=="],

    "@types/node": ["@types/node@25.3.3", "", { "dependencies": { "undici-types": "~7.18.0" } }, "sha512-DpzbrH7wIcBaJibpKo9nnSQL0MTRdnWttGyE5haGwK86xgMOkFLp7vEyfQPGLOJh5wNYiJ3V9PmUMDhV9u8kkQ=="],

    "@whatwg-node/disposablestack": ["@whatwg-node/disposablestack@0.0.6", "", { "dependencies": { "@whatwg-node/promise-helpers": "^1.0.0", "tslib": "^2.6.3" } }, "sha512-LOtTn+JgJvX8WfBVJtF08TGrdjuFzGJc4mkP8EdDI8ADbvO7kiexYep1o8dwnt0okb0jYclCDXF13xU7Ge4zSw=="],

    "@whatwg-node/events": ["@whatwg-node/events@0.1.2", "", { "dependencies": { "tslib": "^2.6.3" } }, "sha512-ApcWxkrs1WmEMS2CaLLFUEem/49erT3sxIVjpzU5f6zmVcnijtDSrhoK2zVobOIikZJdH63jdAXOrvjf6eOUNQ=="],

    "@whatwg-node/fetch": ["@whatwg-node/fetch@0.10.13", "", { "dependencies": { "@whatwg-node/node-fetch": "^0.8.3", "urlpattern-polyfill": "^10.0.0" } }, "sha512-b4PhJ+zYj4357zwk4TTuF2nEe0vVtOrwdsrNo5hL+u1ojXNhh1FgJ6pg1jzDlwlT4oBdzfSwaBwMCtFCsIWg8Q=="],

    "@whatwg-node/node-fetch": ["@whatwg-node/node-fetch@0.8.5", "", { "dependencies": { "@fastify/busboy": "^3.1.1", "@whatwg-node/disposablestack": "^0.0.6", "@whatwg-node/promise-helpers": "^1.3.2", "tslib": "^2.6.3" } }, "sha512-4xzCl/zphPqlp9tASLVeUhB5+WJHbuWGYpfoC2q1qh5dw0AqZBW7L27V5roxYWijPxj4sspRAAoOH3d2ztaHUQ=="],

    "@whatwg-node/promise-helpers": ["@whatwg-node/promise-helpers@1.3.2", "", { "dependencies": { "tslib": "^2.6.3" } }, "sha512-Nst5JdK47VIl9UcGwtv2Rcgyn5lWtZ0/mhRQ4G8NN2isxpq2TO30iqHzmwoJycjWuyUfg3GFXqP/gFHXeV57IA=="],

    "@whatwg-node/server": ["@whatwg-node/server@0.10.18", "", { "dependencies": { "@envelop/instrumentation": "^1.0.0", "@whatwg-node/disposablestack": "^0.0.6", "@whatwg-node/fetch": "^0.10.13", "@whatwg-node/promise-helpers": "^1.3.2", "tslib": "^2.6.3" } }, "sha512-kMwLlxUbduttIgaPdSkmEarFpP+mSY8FEm+QWMBRJwxOHWkri+cxd8KZHO9EMrB9vgUuz+5WEaCawaL5wGVoXg=="],

    "bun-types": ["bun-types@1.3.9", "", { "dependencies": { "@types/node": "*" } }, "sha512-+UBWWOakIP4Tswh0Bt0QD0alpTY8cb5hvgiYeWCMet9YukHbzuruIEeXC2D7nMJPB12kbh8C7XJykSexEqGKJg=="],

    "cross-inspect": ["cross-inspect@1.0.1", "", { "dependencies": { "tslib": "^2.4.0" } }, "sha512-Pcw1JTvZLSJH83iiGWt6fRcT+BjZlCDRVwYLbUcHzv/CRpB7r0MlSrGbIyQvVSNyGnbt7G4AXuyCiDR3POvZ1A=="],

    "graphql": ["graphql@16.13.0", "", {}, "sha512-uSisMYERbaB9bkA9M4/4dnqyktaEkf1kMHNKq/7DHyxVeWqHQ2mBmVqm5u6/FVHwF3iCNalKcg82Zfl+tffWoA=="],

    "graphql-yoga": ["graphql-yoga@5.18.0", "", { "dependencies": { "@envelop/core": "^5.3.0", "@envelop/instrumentation": "^1.0.0", "@graphql-tools/executor": "^1.5.0", "@graphql-tools/schema": "^10.0.11", "@graphql-tools/utils": "^10.11.0", "@graphql-yoga/logger": "^2.0.1", "@graphql-yoga/subscription": "^5.0.5", "@whatwg-node/fetch": "^0.10.6", "@whatwg-node/promise-helpers": "^1.3.2", "@whatwg-node/server": "^0.10.14", "lru-cache": "^10.0.0", "tslib": "^2.8.1" }, "peerDependencies": { "graphql": "^15.2.0 || ^16.0.0" } }, "sha512-xFt1DVXS1BZ3AvjnawAGc5OYieSe56WuQuyk3iEpBwJ3QDZJWQGLmU9z/L5NUZ+pUcyprsz/bOwkYIV96fXt/g=="],

    "lru-cache": ["lru-cache@10.4.3", "", {}, "sha512-JNAzZcXrCt42VGLuYz0zfAzDfAvJWW6AfYlDBQyDV5DClI2m5sAmK+OIO7s59XfsRsWHp02jAJrRadPRGTt6SQ=="],

    "oxfmt": ["oxfmt@0.35.0", "", { "dependencies": { "tinypool": "2.1.0" }, "optionalDependencies": { "@oxfmt/binding-android-arm-eabi": "0.35.0", "@oxfmt/binding-android-arm64": "0.35.0", "@oxfmt/binding-darwin-arm64": "0.35.0", "@oxfmt/binding-darwin-x64": "0.35.0", "@oxfmt/binding-freebsd-x64": "0.35.0", "@oxfmt/binding-linux-arm-gnueabihf": "0.35.0", "@oxfmt/binding-linux-arm-musleabihf": "0.35.0", "@oxfmt/binding-linux-arm64-gnu": "0.35.0", "@oxfmt/binding-linux-arm64-musl": "0.35.0", "@oxfmt/binding-linux-ppc64-gnu": "0.35.0", "@oxfmt/binding-linux-riscv64-gnu": "0.35.0", "@oxfmt/binding-linux-riscv64-musl": "0.35.0", "@oxfmt/binding-linux-s390x-gnu": "0.35.0", "@oxfmt/binding-linux-x64-gnu": "0.35.0", "@oxfmt/binding-linux-x64-musl": "0.35.0", "@oxfmt/binding-openharmony-arm64": "0.35.0", "@oxfmt/binding-win32-arm64-msvc": "0.35.0", "@oxfmt/binding-win32-ia32-msvc": "0.35.0", "@oxfmt/binding-win32-x64-msvc": "0.35.0" }, "bin": { "oxfmt": "bin/oxfmt" } }, "sha512-QYeXWkP+aLt7utt5SLivNIk09glWx9QE235ODjgcEZ3sd1VMaUBSpLymh6ZRCA76gD2rMP4bXanUz/fx+nLM9Q=="],

    "oxlint": ["oxlint@1.50.0", "", { "optionalDependencies": { "@oxlint/binding-android-arm-eabi": "1.50.0", "@oxlint/binding-android-arm64": "1.50.0", "@oxlint/binding-darwin-arm64": "1.50.0", "@oxlint/binding-darwin-x64": "1.50.0", "@oxlint/binding-freebsd-x64": "1.50.0", "@oxlint/binding-linux-arm-gnueabihf": "1.50.0", "@oxlint/binding-linux-arm-musleabihf": "1.50.0", "@oxlint/binding-linux-arm64-gnu": "1.50.0", "@oxlint/binding-linux-arm64-musl": "1.50.0", "@oxlint/binding-linux-ppc64-gnu": "1.50.0", "@oxlint/binding-linux-riscv64-gnu": "1.50.0", "@oxlint/binding-linux-riscv64-musl": "1.50.0", "@oxlint/binding-linux-s390x-gnu": "1.50.0", "@oxlint/binding-linux-x64-gnu": "1.50.0", "@oxlint/binding-linux-x64-musl": "1.50.0", "@oxlint/binding-openharmony-arm64": "1.50.0", "@oxlint/binding-win32-arm64-msvc": "1.50.0", "@oxlint/binding-win32-ia32-msvc": "1.50.0", "@oxlint/binding-win32-x64-msvc": "1.50.0" }, "peerDependencies": { "oxlint-tsgolint": ">=0.14.1" }, "optionalPeers": ["oxlint-tsgolint"], "bin": { "oxlint": "bin/oxlint" } }, "sha512-iSJ4IZEICBma8cZX7kxIIz9PzsYLF2FaLAYN6RKu7VwRVKdu7RIgpP99bTZaGl//Yao7fsaGZLSEo5xBrI5ReQ=="],

    "tinypool": ["tinypool@2.1.0", "", {}, "sha512-Pugqs6M0m7Lv1I7FtxN4aoyToKg1C4tu+/381vH35y8oENM/Ai7f7C4StcoK4/+BSw9ebcS8jRiVrORFKCALLw=="],

    "tslib": ["tslib@2.8.1", "", {}, "sha512-oJFu94HQb+KVduSUQL7wnpmqnfmLsOA/nAh6b6EH0wCEoK0/mPeXU6c3wKDV83MkOuHPRHtSXKKU99IBazS/2w=="],

    "typescript": ["typescript@5.9.3", "", { "bin": { "tsc": "bin/tsc", "tsserver": "bin/tsserver" } }, "sha512-jl1vZzPDinLr9eUt3J/t7V6FgNEw9QjvBPdysz9KfQDD41fQrC2Y4vKQdiaUpFT4bXlb1RHhLpp8wtm6M5TgSw=="],

    "undici-types": ["undici-types@7.18.2", "", {}, "sha512-AsuCzffGHJybSaRrmr5eHr81mwJU3kjw6M+uprWvCXiNeN9SOGwQ3Jn8jb8m3Z6izVgknn1R0FTCEAP2QrLY/w=="],

    "urlpattern-polyfill": ["urlpattern-polyfill@10.1.0", "", {}, "sha512-IGjKp/o0NL3Bso1PymYURCJxMPNAf/ILOpendP9f5B6e1rTJgdgiOvgfoT8VxCAdY+Wisb9uhGaJJf3yZ2V9nw=="],

    "@graphql-tools/executor/@graphql-tools/utils": ["@graphql-tools/utils@11.0.0", "", { "dependencies": { "@graphql-typed-document-node/core": "^3.1.1", "@whatwg-node/promise-helpers": "^1.0.0", "cross-inspect": "1.0.1", "tslib": "^2.4.0" }, "peerDependencies": { "graphql": "^14.0.0 || ^15.0.0 || ^16.0.0 || ^17.0.0" } }, "sha512-bM1HeZdXA2C3LSIeLOnH/bcqSgbQgKEDrjxODjqi3y58xai2TkNrtYcQSoWzGbt9VMN1dORGjR7Vem8SPnUFQA=="],

    "@graphql-tools/merge/@graphql-tools/utils": ["@graphql-tools/utils@11.0.0", "", { "dependencies": { "@graphql-typed-document-node/core": "^3.1.1", "@whatwg-node/promise-helpers": "^1.0.0", "cross-inspect": "1.0.1", "tslib": "^2.4.0" }, "peerDependencies": { "graphql": "^14.0.0 || ^15.0.0 || ^16.0.0 || ^17.0.0" } }, "sha512-bM1HeZdXA2C3LSIeLOnH/bcqSgbQgKEDrjxODjqi3y58xai2TkNrtYcQSoWzGbt9VMN1dORGjR7Vem8SPnUFQA=="],

    "@graphql-tools/schema/@graphql-tools/utils": ["@graphql-tools/utils@11.0.0", "", { "dependencies": { "@graphql-typed-document-node/core": "^3.1.1", "@whatwg-node/promise-helpers": "^1.0.0", "cross-inspect": "1.0.1", "tslib": "^2.4.0" }, "peerDependencies": { "graphql": "^14.0.0 || ^15.0.0 || ^16.0.0 || ^17.0.0" } }, "sha512-bM1HeZdXA2C3LSIeLOnH/bcqSgbQgKEDrjxODjqi3y58xai2TkNrtYcQSoWzGbt9VMN1dORGjR7Vem8SPnUFQA=="],
  }
}
